
Microsoft Visual Studio Solution File, Format Version 12.00
# Visual Studio 15
VisualStudioVersion = 15.0.27130.2010
MinimumVisualStudioVersion = 10.0.40219.1
Project("{FAE04EC0-301F-11D3-BF4B-00C04F79EFBC}") = "TeamProjectwithHY", "TeamProjectwithHY.csproj", "{D70CF132-4755-474A-953F-A093DACBF9CE}"
EndProject
Global
	GlobalSection(SolutionConfigurationPlatforms) = preSolution
		Debug|Any CPU = Debug|Any CPU
		Release|Any CPU = Release|Any CPU
	EndGlobalSection
	GlobalSection(ProjectConfigurationPlatforms) = postSolution
		{D70CF132-4755-474A-953F-A093DACBF9CE}.Debug|Any CPU.ActiveCfg = Debug|Any CPU
		{D70CF132-4755-474A-953F-A093DACBF9CE}.Debug|Any CPU.Build.0 = Debug|Any CPU
		{D70CF132-4755-474A-953F-A093DACBF9CE}.Release|Any CPU.ActiveCfg = Release|Any CPU
		{D70CF132-4755-474A-953F-A093DACBF9CE}.Release|Any CPU.Build.0 = Release|Any CPU
	EndGlobalSection
	GlobalSection(SolutionProperties) = preSolution
		HideSolutionNode = FALSE
	EndGlobalSection
	GlobalSection(ExtensibilityGlobals) = postSolution
		SolutionGuid = {88D7F7B1-77FF-4D11-957A-F89F92E5F343}
	EndGlobalSection
EndGlobal
